{
  "name": "eve",
  "version": "0.0.0",
  "lockfileVersion": 1,
  "requires": true,
  "dependencies": {
    "codemirror": {
      "version": "5.43.0",
      "resolved": "https://registry.npmjs.org/codemirror/-/codemirror-5.43.0.tgz",
      "integrity": "sha512-mljwQWUaWIf85I7QwTBryF2ASaIvmYAL4s5UCanCJFfKeXOKhrqdHWdHiZWAMNT+hjLTCnVx2S/SYTORIgxsgA=="
    },
    "pluralize": {
      "version": "1.2.1",
      "resolved": "https://registry.npmjs.org/pluralize/-/pluralize-1.2.1.tgz",
      "integrity": "sha1-0aIUg/0iu0HlihL6NCGCMUCJfEU="
    },
    "typescript": {
      "version": "1.6.0-dev.20150731",
      "resolved": "https://registry.npmjs.org/typescript/-/typescript-1.6.0-dev.20150731.tgz",
      "integrity": "sha1-anS5aikdSDMV7w/PwLZWb0KJ2bU="
    }
  }
}
